
Microsoft Visual Studio Solution File, Format Version 12.00
# Visual Studio Version 16
VisualStudioVersion = 16.0.30621.155
MinimumVisualStudioVersion = 15.0.26124.0
Project("{2150E333-8FDC-42A3-9474-1A3956D46DE8}") = "Solution Items", "Solution Items", "{BAA10E6E-198A-4155-AF86-9108E16F3C04}"
	ProjectSection(SolutionItems) = preProject
		README.md = README.md
	EndProjectSection
EndProject
Project("{2150E333-8FDC-42A3-9474-1A3956D46DE8}") = "src", "src", "{949BEBB7-B747-4DDD-AAA7-13D171FD62A2}"
EndProject
Project("{FAE04EC0-301F-11D3-BF4B-00C04F79EFBC}") = "Globomatics.MobileApp.UWP", "src\Globomatics.MobileApp\Globomatics.MobileApp.UWP\Globomatics.MobileApp.UWP.csproj", "{29F8A07F-6D48-487B-B3DD-87CCF3A1ED20}"
EndProject
Project("{FAE04EC0-301F-11D3-BF4B-00C04F79EFBC}") = "Globomatics.MobileApp.Android", "src\Globomatics.MobileApp\Globomatics.MobileApp.Android\Globomatics.MobileApp.Android.csproj", "{DB5F60A0-B8AF-4880-8C5F-A6B1B314CC5D}"
EndProject
Project("{FAE04EC0-301F-11D3-BF4B-00C04F79EFBC}") = "Globomatics.MobileApp.iOS", "src\Globomatics.MobileApp\Globomatics.MobileApp.iOS\Globomatics.MobileApp.iOS.csproj", "{33673A36-A4A2-4EA1-B245-4E3BF9AEA91D}"
EndProject
Project("{9A19103F-16F7-4668-BE54-9A1E7A4F7556}") = "Globomatics.MobileApp", "src\Globomatics.MobileApp\Globomatics.MobileApp\Globomatics.MobileApp.csproj", "{49E1AC4A-8930-47A5-8ED2-18699A29F9A6}"
EndProject
Project("{2150E333-8FDC-42A3-9474-1A3956D46DE8}") = "Android", "Android", "{E7B02E5F-389F-4E2F-966C-204EF71522BA}"
EndProject
Project("{2150E333-8FDC-42A3-9474-1A3956D46DE8}") = "iOS", "iOS", "{9BB73ABD-58B8-4B75-8F7E-6D1E0D235896}"
EndProject
Project("{2150E333-8FDC-42A3-9474-1A3956D46DE8}") = "UWP", "UWP", "{093F8392-32AB-440D-90B2-ECEFE6275E71}"
EndProject
Project("{2150E333-8FDC-42A3-9474-1A3956D46DE8}") = "Common", "Common", "{211CD52A-35E2-4A0B-A54D-D4DF49EF304F}"
EndProject
Project("{9A19103F-16F7-4668-BE54-9A1E7A4F7556}") = "Globomantics.MobileApp.Common", "src\Common\Globomantics.MobileApp.Common\Globomantics.MobileApp.Common.csproj", "{34D879F9-8441-4E3D-B59D-20AAF210AE5F}"
EndProject
Project("{2150E333-8FDC-42A3-9474-1A3956D46DE8}") = "DataAccess", "DataAccess", "{CD26F31D-495B-4673-92D7-3A04E6FBCFBF}"
EndProject
Project("{9A19103F-16F7-4668-BE54-9A1E7A4F7556}") = "Globomantics.MobileApp.DAL", "src\DataAccess\Globomantics.MobileApp.DAL\Globomantics.MobileApp.DAL.csproj", "{8EE1989D-F531-40AA-B4F1-8671498548A7}"
EndProject
Project("{2150E333-8FDC-42A3-9474-1A3956D46DE8}") = "Services", "Services", "{BBF3A5C9-1481-402D-A03B-7E2C3C671098}"
EndProject
Project("{2150E333-8FDC-42A3-9474-1A3956D46DE8}") = "Presentation", "Presentation", "{5499DA5F-8B3A-4ACF-81C2-87050C217499}"
EndProject
Project("{9A19103F-16F7-4668-BE54-9A1E7A4F7556}") = "Globomantics.MobileApp.Services", "src\Services\Globomantics.MobileApp.Services\Globomantics.MobileApp.Services.csproj", "{0D7A79BB-73DD-4458-A9DA-3DD44C9473C4}"
EndProject
Project("{2150E333-8FDC-42A3-9474-1A3956D46DE8}") = "Utility", "Utility", "{214B9EF1-A23C-4347-900C-154C3596457E}"
EndProject
Project("{FAE04EC0-301F-11D3-BF4B-00C04F79EFBC}") = "Globomatics.MobileApp.Dependency", "src\Utility\Globomatics.MobileApp.Dependency\Globomatics.MobileApp.Dependency.csproj", "{1D96AAF7-6C9E-48BB-825A-FF1631767B7A}"
EndProject
Global
	GlobalSection(SolutionConfigurationPlatforms) = preSolution
		Debug|Any CPU = Debug|Any CPU
		Debug|ARM = Debug|ARM
		Debug|iPhone = Debug|iPhone
		Debug|iPhoneSimulator = Debug|iPhoneSimulator
		Debug|x64 = Debug|x64
		Debug|x86 = Debug|x86
		Release|Any CPU = Release|Any CPU
		Release|ARM = Release|ARM
		Release|iPhone = Release|iPhone
		Release|iPhoneSimulator = Release|iPhoneSimulator
		Release|x64 = Release|x64
		Release|x86 = Release|x86
	EndGlobalSection
	GlobalSection(ProjectConfigurationPlatforms) = postSolution
		{29F8A07F-6D48-487B-B3DD-87CCF3A1ED20}.Debug|Any CPU.ActiveCfg = Debug|x86
		{29F8A07F-6D48-487B-B3DD-87CCF3A1ED20}.Debug|ARM.ActiveCfg = Debug|ARM
		{29F8A07F-6D48-487B-B3DD-87CCF3A1ED20}.Debug|ARM.Build.0 = Debug|ARM
		{29F8A07F-6D48-487B-B3DD-87CCF3A1ED20}.Debug|ARM.Deploy.0 = Debug|ARM
		{29F8A07F-6D48-487B-B3DD-87CCF3A1ED20}.Debug|iPhone.ActiveCfg = Debug|x86
		{29F8A07F-6D48-487B-B3DD-87CCF3A1ED20}.Debug|iPhoneSimulator.ActiveCfg = Debug|x86
		{29F8A07F-6D48-487B-B3DD-87CCF3A1ED20}.Debug|x64.ActiveCfg = Debug|x64
		{29F8A07F-6D48-487B-B3DD-87CCF3A1ED20}.Debug|x64.Build.0 = Debug|x64
		{29F8A07F-6D48-487B-B3DD-87CCF3A1ED20}.Debug|x64.Deploy.0 = Debug|x64
		{29F8A07F-6D48-487B-B3DD-87CCF3A1ED20}.Debug|x86.ActiveCfg = Debug|x86
		{29F8A07F-6D48-487B-B3DD-87CCF3A1ED20}.Debug|x86.Build.0 = Debug|x86
		{29F8A07F-6D48-487B-B3DD-87CCF3A1ED20}.Debug|x86.Deploy.0 = Debug|x86
		{29F8A07F-6D48-487B-B3DD-87CCF3A1ED20}.Release|Any CPU.ActiveCfg = Release|x86
		{29F8A07F-6D48-487B-B3DD-87CCF3A1ED20}.Release|ARM.ActiveCfg = Release|ARM
		{29F8A07F-6D48-487B-B3DD-87CCF3A1ED20}.Release|ARM.Build.0 = Release|ARM
		{29F8A07F-6D48-487B-B3DD-87CCF3A1ED20}.Release|ARM.Deploy.0 = Release|ARM
		{29F8A07F-6D48-487B-B3DD-87CCF3A1ED20}.Release|iPhone.ActiveCfg = Release|x86
		{29F8A07F-6D48-487B-B3DD-87CCF3A1ED20}.Release|iPhoneSimulator.ActiveCfg = Release|x86
		{29F8A07F-6D48-487B-B3DD-87CCF3A1ED20}.Release|x64.ActiveCfg = Release|x64
		{29F8A07F-6D48-487B-B3DD-87CCF3A1ED20}.Release|x64.Build.0 = Release|x64
		{29F8A07F-6D48-487B-B3DD-87CCF3A1ED20}.Release|x64.Deploy.0 = Release|x64
		{29F8A07F-6D48-487B-B3DD-87CCF3A1ED20}.Release|x86.ActiveCfg = Release|x86
		{29F8A07F-6D48-487B-B3DD-87CCF3A1ED20}.Release|x86.Build.0 = Release|x86
		{29F8A07F-6D48-487B-B3DD-87CCF3A1ED20}.Release|x86.Deploy.0 = Release|x86
		{DB5F60A0-B8AF-4880-8C5F-A6B1B314CC5D}.Debug|Any CPU.ActiveCfg = Debug|Any CPU
		{DB5F60A0-B8AF-4880-8C5F-A6B1B314CC5D}.Debug|Any CPU.Build.0 = Debug|Any CPU
		{DB5F60A0-B8AF-4880-8C5F-A6B1B314CC5D}.Debug|Any CPU.Deploy.0 = Debug|Any CPU
		{DB5F60A0-B8AF-4880-8C5F-A6B1B314CC5D}.Debug|ARM.ActiveCfg = Debug|Any CPU
		{DB5F60A0-B8AF-4880-8C5F-A6B1B314CC5D}.Debug|ARM.Build.0 = Debug|Any CPU
		{DB5F60A0-B8AF-4880-8C5F-A6B1B314CC5D}.Debug|ARM.Deploy.0 = Debug|Any CPU
		{DB5F60A0-B8AF-4880-8C5F-A6B1B314CC5D}.Debug|iPhone.ActiveCfg = Debug|Any CPU
		{DB5F60A0-B8AF-4880-8C5F-A6B1B314CC5D}.Debug|iPhone.Build.0 = Debug|Any CPU
		{DB5F60A0-B8AF-4880-8C5F-A6B1B314CC5D}.Debug|iPhone.Deploy.0 = Debug|Any CPU
		{DB5F60A0-B8AF-4880-8C5F-A6B1B314CC5D}.Debug|iPhoneSimulator.ActiveCfg = Debug|Any CPU
		{DB5F60A0-B8AF-4880-8C5F-A6B1B314CC5D}.Debug|iPhoneSimulator.Build.0 = Debug|Any CPU
		{DB5F60A0-B8AF-4880-8C5F-A6B1B314CC5D}.Debug|iPhoneSimulator.Deploy.0 = Debug|Any CPU
		{DB5F60A0-B8AF-4880-8C5F-A6B1B314CC5D}.Debug|x64.ActiveCfg = Debug|Any CPU
		{DB5F60A0-B8AF-4880-8C5F-A6B1B314CC5D}.Debug|x64.Build.0 = Debug|Any CPU
		{DB5F60A0-B8AF-4880-8C5F-A6B1B314CC5D}.Debug|x64.Deploy.0 = Debug|Any CPU
		{DB5F60A0-B8AF-4880-8C5F-A6B1B314CC5D}.Debug|x86.ActiveCfg = Debug|Any CPU
		{DB5F60A0-B8AF-4880-8C5F-A6B1B314CC5D}.Debug|x86.Build.0 = Debug|Any CPU
		{DB5F60A0-B8AF-4880-8C5F-A6B1B314CC5D}.Debug|x86.Deploy.0 = Debug|Any CPU
		{DB5F60A0-B8AF-4880-8C5F-A6B1B314CC5D}.Release|Any CPU.ActiveCfg = Release|Any CPU
		{DB5F60A0-B8AF-4880-8C5F-A6B1B314CC5D}.Release|Any CPU.Build.0 = Release|Any CPU
		{DB5F60A0-B8AF-4880-8C5F-A6B1B314CC5D}.Release|Any CPU.Deploy.0 = Release|Any CPU
		{DB5F60A0-B8AF-4880-8C5F-A6B1B314CC5D}.Release|ARM.ActiveCfg = Release|Any CPU
		{DB5F60A0-B8AF-4880-8C5F-A6B1B314CC5D}.Release|ARM.Build.0 = Release|Any CPU
		{DB5F60A0-B8AF-4880-8C5F-A6B1B314CC5D}.Release|ARM.Deploy.0 = Release|Any CPU
		{DB5F60A0-B8AF-4880-8C5F-A6B1B314CC5D}.Release|iPhone.ActiveCfg = Release|Any CPU
		{DB5F60A0-B8AF-4880-8C5F-A6B1B314CC5D}.Release|iPhone.Build.0 = Release|Any CPU
		{DB5F60A0-B8AF-4880-8C5F-A6B1B314CC5D}.Release|iPhone.Deploy.0 = Release|Any CPU
		{DB5F60A0-B8AF-4880-8C5F-A6B1B314CC5D}.Release|iPhoneSimulator.ActiveCfg = Release|Any CPU
		{DB5F60A0-B8AF-4880-8C5F-A6B1B314CC5D}.Release|iPhoneSimulator.Build.0 = Release|Any CPU
		{DB5F60A0-B8AF-4880-8C5F-A6B1B314CC5D}.Release|iPhoneSimulator.Deploy.0 = Release|Any CPU
		{DB5F60A0-B8AF-4880-8C5F-A6B1B314CC5D}.Release|x64.ActiveCfg = Release|Any CPU
		{DB5F60A0-B8AF-4880-8C5F-A6B1B314CC5D}.Release|x64.Build.0 = Release|Any CPU
		{DB5F60A0-B8AF-4880-8C5F-A6B1B314CC5D}.Release|x64.Deploy.0 = Release|Any CPU
		{DB5F60A0-B8AF-4880-8C5F-A6B1B314CC5D}.Release|x86.ActiveCfg = Release|Any CPU
		{DB5F60A0-B8AF-4880-8C5F-A6B1B314CC5D}.Release|x86.Build.0 = Release|Any CPU
		{DB5F60A0-B8AF-4880-8C5F-A6B1B314CC5D}.Release|x86.Deploy.0 = Release|Any CPU
		{33673A36-A4A2-4EA1-B245-4E3BF9AEA91D}.Debug|Any CPU.ActiveCfg = Debug|iPhoneSimulator
		{33673A36-A4A2-4EA1-B245-4E3BF9AEA91D}.Debug|ARM.ActiveCfg = Debug|iPhoneSimulator
		{33673A36-A4A2-4EA1-B245-4E3BF9AEA91D}.Debug|iPhone.ActiveCfg = Debug|iPhone
		{33673A36-A4A2-4EA1-B245-4E3BF9AEA91D}.Debug|iPhone.Build.0 = Debug|iPhone
		{33673A36-A4A2-4EA1-B245-4E3BF9AEA91D}.Debug|iPhoneSimulator.ActiveCfg = Debug|iPhoneSimulator
		{33673A36-A4A2-4EA1-B245-4E3BF9AEA91D}.Debug|iPhoneSimulator.Build.0 = Debug|iPhoneSimulator
		{33673A36-A4A2-4EA1-B245-4E3BF9AEA91D}.Debug|x64.ActiveCfg = Debug|iPhoneSimulator
		{33673A36-A4A2-4EA1-B245-4E3BF9AEA91D}.Debug|x86.ActiveCfg = Debug|iPhoneSimulator
		{33673A36-A4A2-4EA1-B245-4E3BF9AEA91D}.Release|Any CPU.ActiveCfg = Release|iPhoneSimulator
		{33673A36-A4A2-4EA1-B245-4E3BF9AEA91D}.Release|ARM.ActiveCfg = Release|iPhoneSimulator
		{33673A36-A4A2-4EA1-B245-4E3BF9AEA91D}.Release|iPhone.ActiveCfg = Release|iPhone
		{33673A36-A4A2-4EA1-B245-4E3BF9AEA91D}.Release|iPhone.Build.0 = Release|iPhone
		{33673A36-A4A2-4EA1-B245-4E3BF9AEA91D}.Release|iPhoneSimulator.ActiveCfg = Release|iPhoneSimulator
		{33673A36-A4A2-4EA1-B245-4E3BF9AEA91D}.Release|iPhoneSimulator.Build.0 = Release|iPhoneSimulator
		{33673A36-A4A2-4EA1-B245-4E3BF9AEA91D}.Release|x64.ActiveCfg = Release|iPhoneSimulator
		{33673A36-A4A2-4EA1-B245-4E3BF9AEA91D}.Release|x86.ActiveCfg = Release|iPhoneSimulator
		{49E1AC4A-8930-47A5-8ED2-18699A29F9A6}.Debug|Any CPU.ActiveCfg = Debug|Any CPU
		{49E1AC4A-8930-47A5-8ED2-18699A29F9A6}.Debug|Any CPU.Build.0 = Debug|Any CPU
		{49E1AC4A-8930-47A5-8ED2-18699A29F9A6}.Debug|ARM.ActiveCfg = Debug|Any CPU
		{49E1AC4A-8930-47A5-8ED2-18699A29F9A6}.Debug|ARM.Build.0 = Debug|Any CPU
		{49E1AC4A-8930-47A5-8ED2-18699A29F9A6}.Debug|iPhone.ActiveCfg = Debug|Any CPU
		{49E1AC4A-8930-47A5-8ED2-18699A29F9A6}.Debug|iPhone.Build.0 = Debug|Any CPU
		{49E1AC4A-8930-47A5-8ED2-18699A29F9A6}.Debug|iPhoneSimulator.ActiveCfg = Debug|Any CPU
		{49E1AC4A-8930-47A5-8ED2-18699A29F9A6}.Debug|iPhoneSimulator.Build.0 = Debug|Any CPU
		{49E1AC4A-8930-47A5-8ED2-18699A29F9A6}.Debug|x64.ActiveCfg = Debug|Any CPU
		{49E1AC4A-8930-47A5-8ED2-18699A29F9A6}.Debug|x64.Build.0 = Debug|Any CPU
		{49E1AC4A-8930-47A5-8ED2-18699A29F9A6}.Debug|x86.ActiveCfg = Debug|Any CPU
		{49E1AC4A-8930-47A5-8ED2-18699A29F9A6}.Debug|x86.Build.0 = Debug|Any CPU
		{49E1AC4A-8930-47A5-8ED2-18699A29F9A6}.Release|Any CPU.ActiveCfg = Release|Any CPU
		{49E1AC4A-8930-47A5-8ED2-18699A29F9A6}.Release|Any CPU.Build.0 = Release|Any CPU
		{49E1AC4A-8930-47A5-8ED2-18699A29F9A6}.Release|ARM.ActiveCfg = Release|Any CPU
		{49E1AC4A-8930-47A5-8ED2-18699A29F9A6}.Release|ARM.Build.0 = Release|Any CPU
		{49E1AC4A-8930-47A5-8ED2-18699A29F9A6}.Release|iPhone.ActiveCfg = Release|Any CPU
		{49E1AC4A-8930-47A5-8ED2-18699A29F9A6}.Release|iPhone.Build.0 = Release|Any CPU
		{49E1AC4A-8930-47A5-8ED2-18699A29F9A6}.Release|iPhoneSimulator.ActiveCfg = Release|Any CPU
		{49E1AC4A-8930-47A5-8ED2-18699A29F9A6}.Release|iPhoneSimulator.Build.0 = Release|Any CPU
		{49E1AC4A-8930-47A5-8ED2-18699A29F9A6}.Release|x64.ActiveCfg = Release|Any CPU
		{49E1AC4A-8930-47A5-8ED2-18699A29F9A6}.Release|x64.Build.0 = Release|Any CPU
		{49E1AC4A-8930-47A5-8ED2-18699A29F9A6}.Release|x86.ActiveCfg = Release|Any CPU
		{49E1AC4A-8930-47A5-8ED2-18699A29F9A6}.Release|x86.Build.0 = Release|Any CPU
		{34D879F9-8441-4E3D-B59D-20AAF210AE5F}.Debug|Any CPU.ActiveCfg = Debug|Any CPU
		{34D879F9-8441-4E3D-B59D-20AAF210AE5F}.Debug|Any CPU.Build.0 = Debug|Any CPU
		{34D879F9-8441-4E3D-B59D-20AAF210AE5F}.Debug|ARM.ActiveCfg = Debug|Any CPU
		{34D879F9-8441-4E3D-B59D-20AAF210AE5F}.Debug|ARM.Build.0 = Debug|Any CPU
		{34D879F9-8441-4E3D-B59D-20AAF210AE5F}.Debug|iPhone.ActiveCfg = Debug|Any CPU
		{34D879F9-8441-4E3D-B59D-20AAF210AE5F}.Debug|iPhone.Build.0 = Debug|Any CPU
		{34D879F9-8441-4E3D-B59D-20AAF210AE5F}.Debug|iPhoneSimulator.ActiveCfg = Debug|Any CPU
		{34D879F9-8441-4E3D-B59D-20AAF210AE5F}.Debug|iPhoneSimulator.Build.0 = Debug|Any CPU
		{34D879F9-8441-4E3D-B59D-20AAF210AE5F}.Debug|x64.ActiveCfg = Debug|Any CPU
		{34D879F9-8441-4E3D-B59D-20AAF210AE5F}.Debug|x64.Build.0 = Debug|Any CPU
		{34D879F9-8441-4E3D-B59D-20AAF210AE5F}.Debug|x86.ActiveCfg = Debug|Any CPU
		{34D879F9-8441-4E3D-B59D-20AAF210AE5F}.Debug|x86.Build.0 = Debug|Any CPU
		{34D879F9-8441-4E3D-B59D-20AAF210AE5F}.Release|Any CPU.ActiveCfg = Release|Any CPU
		{34D879F9-8441-4E3D-B59D-20AAF210AE5F}.Release|Any CPU.Build.0 = Release|Any CPU
		{34D879F9-8441-4E3D-B59D-20AAF210AE5F}.Release|ARM.ActiveCfg = Release|Any CPU
		{34D879F9-8441-4E3D-B59D-20AAF210AE5F}.Release|ARM.Build.0 = Release|Any CPU
		{34D879F9-8441-4E3D-B59D-20AAF210AE5F}.Release|iPhone.ActiveCfg = Release|Any CPU
		{34D879F9-8441-4E3D-B59D-20AAF210AE5F}.Release|iPhone.Build.0 = Release|Any CPU
		{34D879F9-8441-4E3D-B59D-20AAF210AE5F}.Release|iPhoneSimulator.ActiveCfg = Release|Any CPU
		{34D879F9-8441-4E3D-B59D-20AAF210AE5F}.Release|iPhoneSimulator.Build.0 = Release|Any CPU
		{34D879F9-8441-4E3D-B59D-20AAF210AE5F}.Release|x64.ActiveCfg = Release|Any CPU
		{34D879F9-8441-4E3D-B59D-20AAF210AE5F}.Release|x64.Build.0 = Release|Any CPU
		{34D879F9-8441-4E3D-B59D-20AAF210AE5F}.Release|x86.ActiveCfg = Release|Any CPU
		{34D879F9-8441-4E3D-B59D-20AAF210AE5F}.Release|x86.Build.0 = Release|Any CPU
		{8EE1989D-F531-40AA-B4F1-8671498548A7}.Debug|Any CPU.ActiveCfg = Debug|Any CPU
		{8EE1989D-F531-40AA-B4F1-8671498548A7}.Debug|Any CPU.Build.0 = Debug|Any CPU
		{8EE1989D-F531-40AA-B4F1-8671498548A7}.Debug|ARM.ActiveCfg = Debug|Any CPU
		{8EE1989D-F531-40AA-B4F1-8671498548A7}.Debug|ARM.Build.0 = Debug|Any CPU
		{8EE1989D-F531-40AA-B4F1-8671498548A7}.Debug|iPhone.ActiveCfg = Debug|Any CPU
		{8EE1989D-F531-40AA-B4F1-8671498548A7}.Debug|iPhone.Build.0 = Debug|Any CPU
		{8EE1989D-F531-40AA-B4F1-8671498548A7}.Debug|iPhoneSimulator.ActiveCfg = Debug|Any CPU
		{8EE1989D-F531-40AA-B4F1-8671498548A7}.Debug|iPhoneSimulator.Build.0 = Debug|Any CPU
		{8EE1989D-F531-40AA-B4F1-8671498548A7}.Debug|x64.ActiveCfg = Debug|Any CPU
		{8EE1989D-F531-40AA-B4F1-8671498548A7}.Debug|x64.Build.0 = Debug|Any CPU
		{8EE1989D-F531-40AA-B4F1-8671498548A7}.Debug|x86.ActiveCfg = Debug|Any CPU
		{8EE1989D-F531-40AA-B4F1-8671498548A7}.Debug|x86.Build.0 = Debug|Any CPU
		{8EE1989D-F531-40AA-B4F1-8671498548A7}.Release|Any CPU.ActiveCfg = Release|Any CPU
		{8EE1989D-F531-40AA-B4F1-8671498548A7}.Release|Any CPU.Build.0 = Release|Any CPU
		{8EE1989D-F531-40AA-B4F1-8671498548A7}.Release|ARM.ActiveCfg = Release|Any CPU
		{8EE1989D-F531-40AA-B4F1-8671498548A7}.Release|ARM.Build.0 = Release|Any CPU
		{8EE1989D-F531-40AA-B4F1-8671498548A7}.Release|iPhone.ActiveCfg = Release|Any CPU
		{8EE1989D-F531-40AA-B4F1-8671498548A7}.Release|iPhone.Build.0 = Release|Any CPU
		{8EE1989D-F531-40AA-B4F1-8671498548A7}.Release|iPhoneSimulator.ActiveCfg = Release|Any CPU
		{8EE1989D-F531-40AA-B4F1-8671498548A7}.Release|iPhoneSimulator.Build.0 = Release|Any CPU
		{8EE1989D-F531-40AA-B4F1-8671498548A7}.Release|x64.ActiveCfg = Release|Any CPU
		{8EE1989D-F531-40AA-B4F1-8671498548A7}.Release|x64.Build.0 = Release|Any CPU
		{8EE1989D-F531-40AA-B4F1-8671498548A7}.Release|x86.ActiveCfg = Release|Any CPU
		{8EE1989D-F531-40AA-B4F1-8671498548A7}.Release|x86.Build.0 = Release|Any CPU
		{0D7A79BB-73DD-4458-A9DA-3DD44C9473C4}.Debug|Any CPU.ActiveCfg = Debug|Any CPU
		{0D7A79BB-73DD-4458-A9DA-3DD44C9473C4}.Debug|Any CPU.Build.0 = Debug|Any CPU
		{0D7A79BB-73DD-4458-A9DA-3DD44C9473C4}.Debug|ARM.ActiveCfg = Debug|Any CPU
		{0D7A79BB-73DD-4458-A9DA-3DD44C9473C4}.Debug|ARM.Build.0 = Debug|Any CPU
		{0D7A79BB-73DD-4458-A9DA-3DD44C9473C4}.Debug|iPhone.ActiveCfg = Debug|Any CPU
		{0D7A79BB-73DD-4458-A9DA-3DD44C9473C4}.Debug|iPhone.Build.0 = Debug|Any CPU
		{0D7A79BB-73DD-4458-A9DA-3DD44C9473C4}.Debug|iPhoneSimulator.ActiveCfg = Debug|Any CPU
		{0D7A79BB-73DD-4458-A9DA-3DD44C9473C4}.Debug|iPhoneSimulator.Build.0 = Debug|Any CPU
		{0D7A79BB-73DD-4458-A9DA-3DD44C9473C4}.Debug|x64.ActiveCfg = Debug|Any CPU
		{0D7A79BB-73DD-4458-A9DA-3DD44C9473C4}.Debug|x64.Build.0 = Debug|Any CPU
		{0D7A79BB-73DD-4458-A9DA-3DD44C9473C4}.Debug|x86.ActiveCfg = Debug|Any CPU
		{0D7A79BB-73DD-4458-A9DA-3DD44C9473C4}.Debug|x86.Build.0 = Debug|Any CPU
		{0D7A79BB-73DD-4458-A9DA-3DD44C9473C4}.Release|Any CPU.ActiveCfg = Release|Any CPU
		{0D7A79BB-73DD-4458-A9DA-3DD44C9473C4}.Release|Any CPU.Build.0 = Release|Any CPU
		{0D7A79BB-73DD-4458-A9DA-3DD44C9473C4}.Release|ARM.ActiveCfg = Release|Any CPU
		{0D7A79BB-73DD-4458-A9DA-3DD44C9473C4}.Release|ARM.Build.0 = Release|Any CPU
		{0D7A79BB-73DD-4458-A9DA-3DD44C9473C4}.Release|iPhone.ActiveCfg = Release|Any CPU
		{0D7A79BB-73DD-4458-A9DA-3DD44C9473C4}.Release|iPhone.Build.0 = Release|Any CPU
		{0D7A79BB-73DD-4458-A9DA-3DD44C9473C4}.Release|iPhoneSimulator.ActiveCfg = Release|Any CPU
		{0D7A79BB-73DD-4458-A9DA-3DD44C9473C4}.Release|iPhoneSimulator.Build.0 = Release|Any CPU
		{0D7A79BB-73DD-4458-A9DA-3DD44C9473C4}.Release|x64.ActiveCfg = Release|Any CPU
		{0D7A79BB-73DD-4458-A9DA-3DD44C9473C4}.Release|x64.Build.0 = Release|Any CPU
		{0D7A79BB-73DD-4458-A9DA-3DD44C9473C4}.Release|x86.ActiveCfg = Release|Any CPU
		{0D7A79BB-73DD-4458-A9DA-3DD44C9473C4}.Release|x86.Build.0 = Release|Any CPU
		{1D96AAF7-6C9E-48BB-825A-FF1631767B7A}.Debug|Any CPU.ActiveCfg = Debug|Any CPU
		{1D96AAF7-6C9E-48BB-825A-FF1631767B7A}.Debug|Any CPU.Build.0 = Debug|Any CPU
		{1D96AAF7-6C9E-48BB-825A-FF1631767B7A}.Debug|ARM.ActiveCfg = Debug|Any CPU
		{1D96AAF7-6C9E-48BB-825A-FF1631767B7A}.Debug|ARM.Build.0 = Debug|Any CPU
		{1D96AAF7-6C9E-48BB-825A-FF1631767B7A}.Debug|iPhone.ActiveCfg = Debug|Any CPU
		{1D96AAF7-6C9E-48BB-825A-FF1631767B7A}.Debug|iPhone.Build.0 = Debug|Any CPU
		{1D96AAF7-6C9E-48BB-825A-FF1631767B7A}.Debug|iPhoneSimulator.ActiveCfg = Debug|Any CPU
		{1D96AAF7-6C9E-48BB-825A-FF1631767B7A}.Debug|iPhoneSimulator.Build.0 = Debug|Any CPU
		{1D96AAF7-6C9E-48BB-825A-FF1631767B7A}.Debug|x64.ActiveCfg = Debug|Any CPU
		{1D96AAF7-6C9E-48BB-825A-FF1631767B7A}.Debug|x64.Build.0 = Debug|Any CPU
		{1D96AAF7-6C9E-48BB-825A-FF1631767B7A}.Debug|x86.ActiveCfg = Debug|Any CPU
		{1D96AAF7-6C9E-48BB-825A-FF1631767B7A}.Debug|x86.Build.0 = Debug|Any CPU
		{1D96AAF7-6C9E-48BB-825A-FF1631767B7A}.Release|Any CPU.ActiveCfg = Release|Any CPU
		{1D96AAF7-6C9E-48BB-825A-FF1631767B7A}.Release|Any CPU.Build.0 = Release|Any CPU
		{1D96AAF7-6C9E-48BB-825A-FF1631767B7A}.Release|ARM.ActiveCfg = Release|Any CPU
		{1D96AAF7-6C9E-48BB-825A-FF1631767B7A}.Release|ARM.Build.0 = Release|Any CPU
		{1D96AAF7-6C9E-48BB-825A-FF1631767B7A}.Release|iPhone.ActiveCfg = Release|Any CPU
		{1D96AAF7-6C9E-48BB-825A-FF1631767B7A}.Release|iPhone.Build.0 = Release|Any CPU
		{1D96AAF7-6C9E-48BB-825A-FF1631767B7A}.Release|iPhoneSimulator.ActiveCfg = Release|Any CPU
		{1D96AAF7-6C9E-48BB-825A-FF1631767B7A}.Release|iPhoneSimulator.Build.0 = Release|Any CPU
		{1D96AAF7-6C9E-48BB-825A-FF1631767B7A}.Release|x64.ActiveCfg = Release|Any CPU
		{1D96AAF7-6C9E-48BB-825A-FF1631767B7A}.Release|x64.Build.0 = Release|Any CPU
		{1D96AAF7-6C9E-48BB-825A-FF1631767B7A}.Release|x86.ActiveCfg = Release|Any CPU
		{1D96AAF7-6C9E-48BB-825A-FF1631767B7A}.Release|x86.Build.0 = Release|Any CPU
	EndGlobalSection
	GlobalSection(SolutionProperties) = preSolution
		HideSolutionNode = FALSE
	EndGlobalSection
	GlobalSection(NestedProjects) = preSolution
		{29F8A07F-6D48-487B-B3DD-87CCF3A1ED20} = {093F8392-32AB-440D-90B2-ECEFE6275E71}
		{DB5F60A0-B8AF-4880-8C5F-A6B1B314CC5D} = {E7B02E5F-389F-4E2F-966C-204EF71522BA}
		{33673A36-A4A2-4EA1-B245-4E3BF9AEA91D} = {9BB73ABD-58B8-4B75-8F7E-6D1E0D235896}
		{49E1AC4A-8930-47A5-8ED2-18699A29F9A6} = {949BEBB7-B747-4DDD-AAA7-13D171FD62A2}
		{E7B02E5F-389F-4E2F-966C-204EF71522BA} = {5499DA5F-8B3A-4ACF-81C2-87050C217499}
		{9BB73ABD-58B8-4B75-8F7E-6D1E0D235896} = {5499DA5F-8B3A-4ACF-81C2-87050C217499}
		{093F8392-32AB-440D-90B2-ECEFE6275E71} = {5499DA5F-8B3A-4ACF-81C2-87050C217499}
		{211CD52A-35E2-4A0B-A54D-D4DF49EF304F} = {949BEBB7-B747-4DDD-AAA7-13D171FD62A2}
		{34D879F9-8441-4E3D-B59D-20AAF210AE5F} = {211CD52A-35E2-4A0B-A54D-D4DF49EF304F}
		{CD26F31D-495B-4673-92D7-3A04E6FBCFBF} = {949BEBB7-B747-4DDD-AAA7-13D171FD62A2}
		{8EE1989D-F531-40AA-B4F1-8671498548A7} = {CD26F31D-495B-4673-92D7-3A04E6FBCFBF}
		{BBF3A5C9-1481-402D-A03B-7E2C3C671098} = {949BEBB7-B747-4DDD-AAA7-13D171FD62A2}
		{5499DA5F-8B3A-4ACF-81C2-87050C217499} = {949BEBB7-B747-4DDD-AAA7-13D171FD62A2}
		{0D7A79BB-73DD-4458-A9DA-3DD44C9473C4} = {BBF3A5C9-1481-402D-A03B-7E2C3C671098}
		{214B9EF1-A23C-4347-900C-154C3596457E} = {949BEBB7-B747-4DDD-AAA7-13D171FD62A2}
		{1D96AAF7-6C9E-48BB-825A-FF1631767B7A} = {214B9EF1-A23C-4347-900C-154C3596457E}
	EndGlobalSection
	GlobalSection(ExtensibilityGlobals) = postSolution
		SolutionGuid = {6196E8A1-0F67-41CD-901A-8689883199E2}
	EndGlobalSection
EndGlobal
